
Microsoft Visual Studio Solution File, Format Version 12.00
# Visual Studio Version 17
VisualStudioVersion = 17.0.31903.59
MinimumVisualStudioVersion = 10.0.40219.1
Project("{FAE04EC0-301F-11D3-BF4B-00C04F79EFBC}") = "DriveLab.Core", "DriveLab.Core\DriveLab.Core.csproj", "{B7E4941C-4AC4-4900-A832-766157B72A28}"
EndProject
Project("{FAE04EC0-301F-11D3-BF4B-00C04F79EFBC}") = "DriveLab.Simulator", "DriveLab.Simulator\DriveLab.Simulator.csproj", "{B79D8503-0D46-480C-A7AA-36F168B5282F}"
EndProject
Project("{FAE04EC0-301F-11D3-BF4B-00C04F79EFBC}") = "DriveLab.Tests", "DriveLab.Tests\DriveLab.Tests.csproj", "{1848E364-41AE-4201-9281-6C972030B8B5}"
EndProject
Global
	GlobalSection(SolutionConfigurationPlatforms) = preSolution
		Debug|Any CPU = Debug|Any CPU
		Debug|x64 = Debug|x64
		Debug|x86 = Debug|x86
		Release|Any CPU = Release|Any CPU
		Release|x64 = Release|x64
		Release|x86 = Release|x86
	EndGlobalSection
	GlobalSection(ProjectConfigurationPlatforms) = postSolution
		{B7E4941C-4AC4-4900-A832-766157B72A28}.Debug|Any CPU.ActiveCfg = Debug|Any CPU
		{B7E4941C-4AC4-4900-A832-766157B72A28}.Debug|Any CPU.Build.0 = Debug|Any CPU
		{B7E4941C-4AC4-4900-A832-766157B72A28}.Debug|x64.ActiveCfg = Debug|Any CPU
		{B7E4941C-4AC4-4900-A832-766157B72A28}.Debug|x64.Build.0 = Debug|Any CPU
		{B7E4941C-4AC4-4900-A832-766157B72A28}.Debug|x86.ActiveCfg = Debug|Any CPU
		{B7E4941C-4AC4-4900-A832-766157B72A28}.Debug|x86.Build.0 = Debug|Any CPU
		{B7E4941C-4AC4-4900-A832-766157B72A28}.Release|Any CPU.ActiveCfg = Release|Any CPU
		{B7E4941C-4AC4-4900-A832-766157B72A28}.Release|Any CPU.Build.0 = Release|Any CPU
		{B7E4941C-4AC4-4900-A832-766157B72A28}.Release|x64.ActiveCfg = Release|Any CPU
		{B7E4941C-4AC4-4900-A832-766157B72A28}.Release|x64.Build.0 = Release|Any CPU
		{B7E4941C-4AC4-4900-A832-766157B72A28}.Release|x86.ActiveCfg = Release|Any CPU
		{B7E4941C-4AC4-4900-A832-766157B72A28}.Release|x86.Build.0 = Release|Any CPU
		{B79D8503-0D46-480C-A7AA-36F168B5282F}.Debug|Any CPU.ActiveCfg = Debug|Any CPU
		{B79D8503-0D46-480C-A7AA-36F168B5282F}.Debug|Any CPU.Build.0 = Debug|Any CPU
		{B79D8503-0D46-480C-A7AA-36F168B5282F}.Debug|x64.ActiveCfg = Debug|Any CPU
		{B79D8503-0D46-480C-A7AA-36F168B5282F}.Debug|x64.Build.0 = Debug|Any CPU
		{B79D8503-0D46-480C-A7AA-36F168B5282F}.Debug|x86.ActiveCfg = Debug|Any CPU
		{B79D8503-0D46-480C-A7AA-36F168B5282F}.Debug|x86.Build.0 = Debug|Any CPU
		{B79D8503-0D46-480C-A7AA-36F168B5282F}.Release|Any CPU.ActiveCfg = Release|Any CPU
		{B79D8503-0D46-480C-A7AA-36F168B5282F}.Release|Any CPU.Build.0 = Release|Any CPU
		{B79D8503-0D46-480C-A7AA-36F168B5282F}.Release|x64.ActiveCfg = Release|Any CPU
		{B79D8503-0D46-480C-A7AA-36F168B5282F}.Release|x64.Build.0 = Release|Any CPU
		{B79D8503-0D46-480C-A7AA-36F168B5282F}.Release|x86.ActiveCfg = Release|Any CPU
		{B79D8503-0D46-480C-A7AA-36F168B5282F}.Release|x86.Build.0 = Release|Any CPU
		{1848E364-41AE-4201-9281-6C972030B8B5}.Debug|Any CPU.ActiveCfg = Debug|Any CPU
		{1848E364-41AE-4201-9281-6C972030B8B5}.Debug|Any CPU.Build.0 = Debug|Any CPU
		{1848E364-41AE-4201-9281-6C972030B8B5}.Debug|x64.ActiveCfg = Debug|Any CPU
		{1848E364-41AE-4201-9281-6C972030B8B5}.Debug|x64.Build.0 = Debug|Any CPU
		{1848E364-41AE-4201-9281-6C972030B8B5}.Debug|x86.ActiveCfg = Debug|Any CPU
		{1848E364-41AE-4201-9281-6C972030B8B5}.Debug|x86.Build.0 = Debug|Any CPU
		{1848E364-41AE-4201-9281-6C972030B8B5}.Release|Any CPU.ActiveCfg = Release|Any CPU
		{1848E364-41AE-4201-9281-6C972030B8B5}.Release|Any CPU.Build.0 = Release|Any CPU
		{1848E364-41AE-4201-9281-6C972030B8B5}.Release|x64.ActiveCfg = Release|Any CPU
		{1848E364-41AE-4201-9281-6C972030B8B5}.Release|x64.Build.0 = Release|Any CPU
		{1848E364-41AE-4201-9281-6C972030B8B5}.Release|x86.ActiveCfg = Release|Any CPU
		{1848E364-41AE-4201-9281-6C972030B8B5}.Release|x86.Build.0 = Release|Any CPU
	EndGlobalSection
	GlobalSection(SolutionProperties) = preSolution
		HideSolutionNode = FALSE
	EndGlobalSection
EndGlobal
